name: 'Lock threads'

on:
  workflow_dispatch:
  schedule:
    - cron: '10 0 * * *'

jobs:
  lock:
    runs-on: ubuntu-latest
    permissions:
      issues: write
      pull-requests: write
      discussions: write
    steps:
      - uses: dessant/lock-threads@v6
        with:
          github-token: ${{ github.token }}
          issue-inactive-days: '90'
          exclude-issue-created-before: ''
          exclude-any-issue-labels: ''
          add-issue-labels: ''
          issue-comment: ''
          issue-lock-reason: 'resolved'
          process-only: ''
